
Microsoft Visual Studio Solution File, Format Version 12.00
# Visual Studio Version 17
VisualStudioVersion = 17.14.35906.104
MinimumVisualStudioVersion = 10.0.40219.1
Project("{8BC9CEB8-8B4A-11D0-8D11-00A0C91BC942}") = "Build Process", "Build Process\Build Process.vcxproj", "{C740FE79-1E66-4574-9777-C0ED02FF3BE3}"
EndProject
Project("{8BC9CEB8-8B4A-11D0-8D11-00A0C91BC942}") = "Hello World", "Hello World\Hello World.vcxproj", "{B51546F3-DD1D-4079-8B59-B60AB8A89943}"
EndProject
Global
	GlobalSection(SolutionConfigurationPlatforms) = preSolution
		Debug|x64 = Debug|x64
		Debug|x86 = Debug|x86
		Release|x64 = Release|x64
		Release|x86 = Release|x86
	EndGlobalSection
	GlobalSection(ProjectConfigurationPlatforms) = postSolution
		{C740FE79-1E66-4574-9777-C0ED02FF3BE3}.Debug|x64.ActiveCfg = Debug|x64
		{C740FE79-1E66-4574-9777-C0ED02FF3BE3}.Debug|x64.Build.0 = Debug|x64
		{C740FE79-1E66-4574-9777-C0ED02FF3BE3}.Debug|x86.ActiveCfg = Debug|Win32
		{C740FE79-1E66-4574-9777-C0ED02FF3BE3}.Debug|x86.Build.0 = Debug|Win32
		{C740FE79-1E66-4574-9777-C0ED02FF3BE3}.Release|x64.ActiveCfg = Release|x64
		{C740FE79-1E66-4574-9777-C0ED02FF3BE3}.Release|x64.Build.0 = Release|x64
		{C740FE79-1E66-4574-9777-C0ED02FF3BE3}.Release|x86.ActiveCfg = Release|Win32
		{C740FE79-1E66-4574-9777-C0ED02FF3BE3}.Release|x86.Build.0 = Release|Win32
		{B51546F3-DD1D-4079-8B59-B60AB8A89943}.Debug|x64.ActiveCfg = Debug|x64
		{B51546F3-DD1D-4079-8B59-B60AB8A89943}.Debug|x64.Build.0 = Debug|x64
		{B51546F3-DD1D-4079-8B59-B60AB8A89943}.Debug|x86.ActiveCfg = Debug|Win32
		{B51546F3-DD1D-4079-8B59-B60AB8A89943}.Debug|x86.Build.0 = Debug|Win32
		{B51546F3-DD1D-4079-8B59-B60AB8A89943}.Release|x64.ActiveCfg = Release|x64
		{B51546F3-DD1D-4079-8B59-B60AB8A89943}.Release|x64.Build.0 = Release|x64
		{B51546F3-DD1D-4079-8B59-B60AB8A89943}.Release|x86.ActiveCfg = Release|Win32
		{B51546F3-DD1D-4079-8B59-B60AB8A89943}.Release|x86.Build.0 = Release|Win32
	EndGlobalSection
	GlobalSection(SolutionProperties) = preSolution
		HideSolutionNode = FALSE
	EndGlobalSection
	GlobalSection(ExtensibilityGlobals) = postSolution
		SolutionGuid = {94363846-D98A-4C79-809D-931871CE1498}
	EndGlobalSection
EndGlobal
